
Microsoft Visual Studio Solution File, Format Version 12.00
# Visual Studio Version 17
VisualStudioVersion = 17.4.33015.44
MinimumVisualStudioVersion = 10.0.40219.1
Project("{9A19103F-16F7-4668-BE54-9A1E7A4F7556}") = "Fancy2048", "Fancy2048\Fancy2048.csproj", "{2C1B8343-F9A3-42EA-8925-36BD091E48B1}"
EndProject
Project("{FAE04EC0-301F-11D3-BF4B-00C04F79EFBC}") = "Fancy2048.Console", "Fancy2048.Console\Fancy2048.Console.csproj", "{9CE71E90-A1EA-47B1-9122-CCB118538196}"
EndProject
Global
	GlobalSection(SolutionConfigurationPlatforms) = preSolution
		Debug|Any CPU = Debug|Any CPU
		Release|Any CPU = Release|Any CPU
	EndGlobalSection
	GlobalSection(ProjectConfigurationPlatforms) = postSolution
		{2C1B8343-F9A3-42EA-8925-36BD091E48B1}.Debug|Any CPU.ActiveCfg = Debug|Any CPU
		{2C1B8343-F9A3-42EA-8925-36BD091E48B1}.Debug|Any CPU.Build.0 = Debug|Any CPU
		{2C1B8343-F9A3-42EA-8925-36BD091E48B1}.Release|Any CPU.ActiveCfg = Release|Any CPU
		{2C1B8343-F9A3-42EA-8925-36BD091E48B1}.Release|Any CPU.Build.0 = Release|Any CPU
		{9CE71E90-A1EA-47B1-9122-CCB118538196}.Debug|Any CPU.ActiveCfg = Debug|Any CPU
		{9CE71E90-A1EA-47B1-9122-CCB118538196}.Debug|Any CPU.Build.0 = Debug|Any CPU
		{9CE71E90-A1EA-47B1-9122-CCB118538196}.Release|Any CPU.ActiveCfg = Release|Any CPU
		{9CE71E90-A1EA-47B1-9122-CCB118538196}.Release|Any CPU.Build.0 = Release|Any CPU
	EndGlobalSection
	GlobalSection(SolutionProperties) = preSolution
		HideSolutionNode = FALSE
	EndGlobalSection
	GlobalSection(ExtensibilityGlobals) = postSolution
		SolutionGuid = {B6FB110A-511B-4102-BE0A-4F656ED578D4}
	EndGlobalSection
EndGlobal
